{
  "name": "Chess",
  "lockfileVersion": 2,
  "requires": true,
  "packages": {
    "": {
      "dependencies": {
        "fen-chess-board": "^2.0.5"
      }
    },
    "node_modules/fen-chess-board": {
      "version": "2.0.5",
      "resolved": "https://registry.npmjs.org/fen-chess-board/-/fen-chess-board-2.0.5.tgz",
      "integrity": "sha512-mxfRO38KhciFVmTtZn5KnS07RZ3ppO9zW53d61n3uvc2BrEIybEkeau9MRTBK3+gTgH5Yl3/mBu5coqD3Uj38w=="
    }
  },
  "dependencies": {
    "fen-chess-board": {
      "version": "2.0.5",
      "resolved": "https://registry.npmjs.org/fen-chess-board/-/fen-chess-board-2.0.5.tgz",
      "integrity": "sha512-mxfRO38KhciFVmTtZn5KnS07RZ3ppO9zW53d61n3uvc2BrEIybEkeau9MRTBK3+gTgH5Yl3/mBu5coqD3Uj38w=="
    }
  }
}